
Microsoft Visual Studio Solution File, Format Version 12.00
# Visual Studio 15
VisualStudioVersion = 15.0.28307.757
MinimumVisualStudioVersion = 10.0.40219.1
Project("{FAE04EC0-301F-11D3-BF4B-00C04F79EFBC}") = "Teste", "Teste\Teste.csproj", "{64BD0CCA-8C6E-4D2C-B053-43BC67464B08}"
EndProject
Global
	GlobalSection(SolutionConfigurationPlatforms) = preSolution
		Debug|Any CPU = Debug|Any CPU
		Release|Any CPU = Release|Any CPU
	EndGlobalSection
	GlobalSection(ProjectConfigurationPlatforms) = postSolution
		{64BD0CCA-8C6E-4D2C-B053-43BC67464B08}.Debug|Any CPU.ActiveCfg = Debug|Any CPU
		{64BD0CCA-8C6E-4D2C-B053-43BC67464B08}.Debug|Any CPU.Build.0 = Debug|Any CPU
		{64BD0CCA-8C6E-4D2C-B053-43BC67464B08}.Release|Any CPU.ActiveCfg = Release|Any CPU
		{64BD0CCA-8C6E-4D2C-B053-43BC67464B08}.Release|Any CPU.Build.0 = Release|Any CPU
	EndGlobalSection
	GlobalSection(SolutionProperties) = preSolution
		HideSolutionNode = FALSE
	EndGlobalSection
	GlobalSection(ExtensibilityGlobals) = postSolution
		SolutionGuid = {F28EB3CA-30B4-4D75-89F8-FF8410D80FA5}
	EndGlobalSection
EndGlobal
